
Microsoft Visual Studio Solution File, Format Version 12.00
# Visual Studio Version 17
VisualStudioVersion = 17.14.36212.18
MinimumVisualStudioVersion = 10.0.40219.1
Project("{FAE04EC0-301F-11D3-BF4B-00C04F79EFBC}") = "ClipboardViewer", "ClipboardViewer.csproj", "{FD53F686-6C68-E1F9-A2B3-A6E2445AFAD8}"
EndProject
Project("{FAE04EC0-301F-11D3-BF4B-00C04F79EFBC}") = "ClipboardViewer.Tests", "..\..\Tests\UnitTests\ClipboardViewer.Tests\ClipboardViewer.Tests.csproj", "{FA97B59B-B6F7-7404-5E4F-31D55E4617C0}"
EndProject
Global
	GlobalSection(SolutionConfigurationPlatforms) = preSolution
		Debug|Any CPU = Debug|Any CPU
		Release|Any CPU = Release|Any CPU
	EndGlobalSection
	GlobalSection(ProjectConfigurationPlatforms) = postSolution
		{FD53F686-6C68-E1F9-A2B3-A6E2445AFAD8}.Debug|Any CPU.ActiveCfg = Debug|Any CPU
		{FD53F686-6C68-E1F9-A2B3-A6E2445AFAD8}.Debug|Any CPU.Build.0 = Debug|Any CPU
		{FD53F686-6C68-E1F9-A2B3-A6E2445AFAD8}.Release|Any CPU.ActiveCfg = Release|Any CPU
		{FD53F686-6C68-E1F9-A2B3-A6E2445AFAD8}.Release|Any CPU.Build.0 = Release|Any CPU
		{FA97B59B-B6F7-7404-5E4F-31D55E4617C0}.Debug|Any CPU.ActiveCfg = Debug|Any CPU
		{FA97B59B-B6F7-7404-5E4F-31D55E4617C0}.Debug|Any CPU.Build.0 = Debug|Any CPU
		{FA97B59B-B6F7-7404-5E4F-31D55E4617C0}.Release|Any CPU.ActiveCfg = Release|Any CPU
		{FA97B59B-B6F7-7404-5E4F-31D55E4617C0}.Release|Any CPU.Build.0 = Release|Any CPU
	EndGlobalSection
	GlobalSection(SolutionProperties) = preSolution
		HideSolutionNode = FALSE
	EndGlobalSection
	GlobalSection(ExtensibilityGlobals) = postSolution
		SolutionGuid = {9016F3FA-E7FF-4D01-A4B7-6B38B947F929}
	EndGlobalSection
EndGlobal
