
Microsoft Visual Studio Solution File, Format Version 12.00
# Visual Studio Version 17
VisualStudioVersion = 17.14.36414.22
MinimumVisualStudioVersion = 10.0.40219.1
Project("{FAE04EC0-301F-11D3-BF4B-00C04F79EFBC}") = "SelectionTarget", "SelectionTarget.csproj", "{350E2D33-1442-BFC2-85A3-7C51212DC79E}"
EndProject
Project("{FAE04EC0-301F-11D3-BF4B-00C04F79EFBC}") = "SelectionTarget.Tests", "..\..\..\Tests\UnitTests\SelectionTarget.Tests\SelectionTarget.Tests.csproj", "{890880E6-BCCE-E19B-7CAB-DEEB5E5E041C}"
EndProject
Global
	GlobalSection(SolutionConfigurationPlatforms) = preSolution
		Debug|Any CPU = Debug|Any CPU
		Release|Any CPU = Release|Any CPU
	EndGlobalSection
	GlobalSection(ProjectConfigurationPlatforms) = postSolution
		{350E2D33-1442-BFC2-85A3-7C51212DC79E}.Debug|Any CPU.ActiveCfg = Debug|Any CPU
		{350E2D33-1442-BFC2-85A3-7C51212DC79E}.Debug|Any CPU.Build.0 = Debug|Any CPU
		{350E2D33-1442-BFC2-85A3-7C51212DC79E}.Release|Any CPU.ActiveCfg = Release|Any CPU
		{350E2D33-1442-BFC2-85A3-7C51212DC79E}.Release|Any CPU.Build.0 = Release|Any CPU
		{890880E6-BCCE-E19B-7CAB-DEEB5E5E041C}.Debug|Any CPU.ActiveCfg = Debug|Any CPU
		{890880E6-BCCE-E19B-7CAB-DEEB5E5E041C}.Debug|Any CPU.Build.0 = Debug|Any CPU
		{890880E6-BCCE-E19B-7CAB-DEEB5E5E041C}.Release|Any CPU.ActiveCfg = Release|Any CPU
		{890880E6-BCCE-E19B-7CAB-DEEB5E5E041C}.Release|Any CPU.Build.0 = Release|Any CPU
	EndGlobalSection
	GlobalSection(SolutionProperties) = preSolution
		HideSolutionNode = FALSE
	EndGlobalSection
	GlobalSection(ExtensibilityGlobals) = postSolution
		SolutionGuid = {14093412-0692-4E12-AD2E-06A8E718D00F}
	EndGlobalSection
EndGlobal
