
Microsoft Visual Studio Solution File, Format Version 12.00
# Visual Studio Version 17
VisualStudioVersion = 17.14.36930.0 d17.14
MinimumVisualStudioVersion = 10.0.40219.1
Project("{FAE04EC0-301F-11D3-BF4B-00C04F79EFBC}") = "ContextMenuOpening", "ContextMenuOpening.csproj", "{4A1B268F-FF53-FF3C-7B65-321CB77E4711}"
EndProject
Project("{FAE04EC0-301F-11D3-BF4B-00C04F79EFBC}") = "ContextMenuOpening.Tests", "..\..\Tests\UnitTests\ContextMenuOpening.Tests\ContextMenuOpening.Tests.csproj", "{4D583FFA-B0AD-4E3D-9800-52B0B4856FEB}"
EndProject
Global
	GlobalSection(SolutionConfigurationPlatforms) = preSolution
		Debug|Any CPU = Debug|Any CPU
		Release|Any CPU = Release|Any CPU
	EndGlobalSection
	GlobalSection(ProjectConfigurationPlatforms) = postSolution
		{4A1B268F-FF53-FF3C-7B65-321CB77E4711}.Debug|Any CPU.ActiveCfg = Debug|Any CPU
		{4A1B268F-FF53-FF3C-7B65-321CB77E4711}.Debug|Any CPU.Build.0 = Debug|Any CPU
		{4A1B268F-FF53-FF3C-7B65-321CB77E4711}.Release|Any CPU.ActiveCfg = Release|Any CPU
		{4A1B268F-FF53-FF3C-7B65-321CB77E4711}.Release|Any CPU.Build.0 = Release|Any CPU
		{4D583FFA-B0AD-4E3D-9800-52B0B4856FEB}.Debug|Any CPU.ActiveCfg = Debug|Any CPU
		{4D583FFA-B0AD-4E3D-9800-52B0B4856FEB}.Debug|Any CPU.Build.0 = Debug|Any CPU
		{4D583FFA-B0AD-4E3D-9800-52B0B4856FEB}.Release|Any CPU.ActiveCfg = Release|Any CPU
		{4D583FFA-B0AD-4E3D-9800-52B0B4856FEB}.Release|Any CPU.Build.0 = Release|Any CPU
	EndGlobalSection
	GlobalSection(SolutionProperties) = preSolution
		HideSolutionNode = FALSE
	EndGlobalSection
	GlobalSection(ExtensibilityGlobals) = postSolution
		SolutionGuid = {17C4B267-CD13-4569-AE68-1658648EE2E6}
	EndGlobalSection
EndGlobal
