
Microsoft Visual Studio Solution File, Format Version 12.00
# Visual Studio Version 17
VisualStudioVersion = 17.14.36408.4
MinimumVisualStudioVersion = 10.0.40219.1
Project("{FAE04EC0-301F-11D3-BF4B-00C04F79EFBC}") = "ImageView", "ImageView.csproj", "{CCE0B165-1C2E-FE9D-A846-CC6204780771}"
EndProject
Project("{FAE04EC0-301F-11D3-BF4B-00C04F79EFBC}") = "ImageView.Tests", "..\..\Tests\UnitTests\ImageView.Tests\ImageView.Tests.csproj", "{62722865-417C-DC24-66BD-F8546ACE3892}"
EndProject
Global
	GlobalSection(SolutionConfigurationPlatforms) = preSolution
		Debug|Any CPU = Debug|Any CPU
		Release|Any CPU = Release|Any CPU
	EndGlobalSection
	GlobalSection(ProjectConfigurationPlatforms) = postSolution
		{CCE0B165-1C2E-FE9D-A846-CC6204780771}.Debug|Any CPU.ActiveCfg = Debug|Any CPU
		{CCE0B165-1C2E-FE9D-A846-CC6204780771}.Debug|Any CPU.Build.0 = Debug|Any CPU
		{CCE0B165-1C2E-FE9D-A846-CC6204780771}.Release|Any CPU.ActiveCfg = Release|Any CPU
		{CCE0B165-1C2E-FE9D-A846-CC6204780771}.Release|Any CPU.Build.0 = Release|Any CPU
		{62722865-417C-DC24-66BD-F8546ACE3892}.Debug|Any CPU.ActiveCfg = Debug|Any CPU
		{62722865-417C-DC24-66BD-F8546ACE3892}.Debug|Any CPU.Build.0 = Debug|Any CPU
		{62722865-417C-DC24-66BD-F8546ACE3892}.Release|Any CPU.ActiveCfg = Release|Any CPU
		{62722865-417C-DC24-66BD-F8546ACE3892}.Release|Any CPU.Build.0 = Release|Any CPU
	EndGlobalSection
	GlobalSection(SolutionProperties) = preSolution
		HideSolutionNode = FALSE
	EndGlobalSection
	GlobalSection(ExtensibilityGlobals) = postSolution
		SolutionGuid = {5B0BD7EA-5485-4CF0-95DC-E4AB8ECED429}
	EndGlobalSection
EndGlobal
