
Microsoft Visual Studio Solution File, Format Version 12.00
# Visual Studio Version 17
VisualStudioVersion = 17.14.36811.4 d17.14
MinimumVisualStudioVersion = 10.0.40219.1
Project("{FAE04EC0-301F-11D3-BF4B-00C04F79EFBC}") = "HostingWfWithVisualStyles", "HostingWfWithVisualStyles.csproj", "{35722534-715B-A662-E11E-5B8095AA6192}"
EndProject
Project("{FAE04EC0-301F-11D3-BF4B-00C04F79EFBC}") = "HostingWfWithVisualStyles.Tests", "..\..\Tests\UnitTests\HostingWfWithVisualStyles.Tests\HostingWfWithVisualStyles.Tests.csproj", "{089A1565-E74E-4C8E-AC63-E2D4CF28A78D}"
EndProject
Global
	GlobalSection(SolutionConfigurationPlatforms) = preSolution
		Debug|Any CPU = Debug|Any CPU
		Release|Any CPU = Release|Any CPU
	EndGlobalSection
	GlobalSection(ProjectConfigurationPlatforms) = postSolution
		{35722534-715B-A662-E11E-5B8095AA6192}.Debug|Any CPU.ActiveCfg = Debug|Any CPU
		{35722534-715B-A662-E11E-5B8095AA6192}.Debug|Any CPU.Build.0 = Debug|Any CPU
		{35722534-715B-A662-E11E-5B8095AA6192}.Release|Any CPU.ActiveCfg = Release|Any CPU
		{35722534-715B-A662-E11E-5B8095AA6192}.Release|Any CPU.Build.0 = Release|Any CPU
		{089A1565-E74E-4C8E-AC63-E2D4CF28A78D}.Debug|Any CPU.ActiveCfg = Debug|Any CPU
		{089A1565-E74E-4C8E-AC63-E2D4CF28A78D}.Debug|Any CPU.Build.0 = Debug|Any CPU
		{089A1565-E74E-4C8E-AC63-E2D4CF28A78D}.Release|Any CPU.ActiveCfg = Release|Any CPU
		{089A1565-E74E-4C8E-AC63-E2D4CF28A78D}.Release|Any CPU.Build.0 = Release|Any CPU
	EndGlobalSection
	GlobalSection(SolutionProperties) = preSolution
		HideSolutionNode = FALSE
	EndGlobalSection
	GlobalSection(ExtensibilityGlobals) = postSolution
		SolutionGuid = {02F64417-83DA-4E6E-A878-060D12DA7B4B}
	EndGlobalSection
EndGlobal
